<?xml version="1.0" encoding="utf-8"?>
<Project ToolsVersion="4.0" xmlns="http://schemas.microsoft.com/developer/msbuild/2003">
  <ItemGroup>
    <Filter Include="Source Files">
      <UniqueIdentifier>{4FC737F1-C7A5-4376-A066-2A32D752A2FF}</UniqueIdentifier>
      <Extensions>cpp;c;cc;cxx;def;odl;idl;hpj;bat;asm;asmx</Extensions>
    </Filter>
    <Filter Include="Header Files">
      <UniqueIdentifier>{93995380-89BD-4b04-88EB-625FBE52EBFB}</UniqueIdentifier>
      <Extensions>h;hh;hpp;hxx;hm;inl;inc;xsd</Extensions>
    </Filter>
    <Filter Include="Resource Files">
      <UniqueIdentifier>{67DA6AB6-F800-4c08-8B7A-83BB121AAD01}</UniqueIdentifier>
      <Extensions>rc;ico;cur;bmp;dlg;rc2;rct;bin;rgs;gif;jpg;jpeg;jpe;resx;tiff;tif;png;wav;mfcribbon-ms</Extensions>
    </Filter>
    <Filter Include="Resource Files\shaders">
      <UniqueIdentifier>{11fb8398-f654-4a11-84f5-55c17aea5c68}</UniqueIdentifier>
    </Filter>
    <Filter Include="Resource Files\textures">
      <UniqueIdentifier>{77a0e469-7a49-4a83-b0d8-6523cf3075f5}</UniqueIdentifier>
    </Filter>
    <Filter Include="Resource Files\sounds">
      <UniqueIdentifier>{baad674b-be9d-469b-b4ea-e3173a9669fc}</UniqueIdentifier>
    </Filter>
    <Filter Include="Resource Files\meshes">
      <UniqueIdentifier>{03e6999a-f67a-4588-ab90-be052fd8348c}</UniqueIdentifier>
    </Filter>
  </ItemGroup>
  <ItemGroup>
    <ClInclude Include="Include\Camera.h">
      <Filter>Header Files</Filter>
    </ClInclude>
    <ClInclude Include="Include\Controller.h">
      <Filter>Header Files</Filter>
    </ClInclude>
    <ClInclude Include="Include\Enemy.h">
      <Filter>Header Files</Filter>
    </ClInclude>
    <ClInclude Include="Include\Game.h">
      <Filter>Header Files</Filter>
    </ClInclude>
    <ClInclude Include="Include\Graphics.h">
      <Filter>Header Files</Filter>
    </ClInclude>
    <ClInclude Include="Include\Mesh.h">
      <Filter>Header Files</Filter>
    </ClInclude>
    <ClInclude Include="Include\Object.h">
      <Filter>Header Files</Filter>
    </ClInclude>
    <ClInclude Include="Include\Player.h">
      <Filter>Header Files</Filter>
    </ClInclude>
    <ClInclude Include="Include\Timer.h">
      <Filter>Header Files</Filter>
    </ClInclude>
    <ClInclude Include="Include\Bullet.h">
      <Filter>Header Files</Filter>
    </ClInclude>
    <ClInclude Include="Include\Shader.h">
      <Filter>Header Files</Filter>
    </ClInclude>
    <ClInclude Include="include\Light.h">
      <Filter>Header Files</Filter>
    </ClInclude>
    <ClInclude Include="include\Material.h">
      <Filter>Header Files</Filter>
    </ClInclude>
    <ClInclude Include="include\Texture.h">
      <Filter>Header Files</Filter>
    </ClInclude>
    <ClInclude Include="include\Type.h">
      <Filter>Header Files</Filter>
    </ClInclude>
    <ClInclude Include="include\Level.h">
      <Filter>Header Files</Filter>
    </ClInclude>
    <ClInclude Include="include\Assets.h">
      <Filter>Header Files</Filter>
    </ClInclude>
    <ClInclude Include="Include\Sound.h">
      <Filter>Header Files</Filter>
    </ClInclude>
    <ClInclude Include="Include\SoundE.h">
      <Filter>Header Files</Filter>
    </ClInclude>
    <ClInclude Include="Include\AnimationMesh.h">
      <Filter>Header Files</Filter>
    </ClInclude>
  </ItemGroup>
  <ItemGroup>
    <Object Include="assets\models\player.obj">
      <Filter>Resource Files\meshes</Filter>
    </Object>
    <Object Include="assets\models\enemy.obj">
      <Filter>Resource Files\meshes</Filter>
    </Object>
    <Object Include="assets\models\Cube.obj">
      <Filter>Resource Files\meshes</Filter>
    </Object>
    <Object Include="assets\models\human.obj">
      <Filter>Resource Files\meshes</Filter>
    </Object>
    <Object Include="assets\models\monkey.obj">
      <Filter>Resource Files\meshes</Filter>
    </Object>
    <Object Include="assets\meshes\character_model.obj">
      <Filter>Resource Files\meshes</Filter>
    </Object>
    <Object Include="assets\meshes\Hitbox Base.obj">
      <Filter>Resource Files\meshes</Filter>
    </Object>
    <Object Include="assets\meshes\Hitbox Triangle.obj">
      <Filter>Resource Files\meshes</Filter>
    </Object>
    <Object Include="assets\meshes\Level Triangle.obj">
      <Filter>Resource Files\meshes</Filter>
    </Object>
  </ItemGroup>
  <ItemGroup>
    <ClCompile Include="src\Bullet.cpp">
      <Filter>Source Files</Filter>
    </ClCompile>
    <ClCompile Include="src\Camera.cpp">
      <Filter>Source Files</Filter>
    </ClCompile>
    <ClCompile Include="src\Controller.cpp">
      <Filter>Source Files</Filter>
    </ClCompile>
    <ClCompile Include="src\Enemy.cpp">
      <Filter>Source Files</Filter>
    </ClCompile>
    <ClCompile Include="src\Game.cpp">
      <Filter>Source Files</Filter>
    </ClCompile>
    <ClCompile Include="src\Graphics.cpp">
      <Filter>Source Files</Filter>
    </ClCompile>
    <ClCompile Include="src\Mesh.cpp">
      <Filter>Source Files</Filter>
    </ClCompile>
    <ClCompile Include="src\Object.cpp">
      <Filter>Source Files</Filter>
    </ClCompile>
    <ClCompile Include="src\Player.cpp">
      <Filter>Source Files</Filter>
    </ClCompile>
    <ClCompile Include="src\Shader.cpp">
      <Filter>Source Files</Filter>
    </ClCompile>
    <ClCompile Include="src\Timer.cpp">
      <Filter>Source Files</Filter>
    </ClCompile>
    <ClCompile Include="main.cpp">
      <Filter>Source Files</Filter>
    </ClCompile>
    <ClCompile Include="src\Light.cpp">
      <Filter>Source Files</Filter>
    </ClCompile>
    <ClCompile Include="src\Material.cpp">
      <Filter>Source Files</Filter>
    </ClCompile>
    <ClCompile Include="src\Texture.cpp">
      <Filter>Source Files</Filter>
    </ClCompile>
    <ClCompile Include="src\Level.cpp">
      <Filter>Source Files</Filter>
    </ClCompile>
    <ClCompile Include="src\Assets.cpp">
      <Filter>Source Files</Filter>
    </ClCompile>
    <ClCompile Include="src\Sound.cpp">
      <Filter>Source Files</Filter>
    </ClCompile>
    <ClCompile Include="src\SoundE.cpp">
      <Filter>Source Files</Filter>
    </ClCompile>
    <ClCompile Include="src\AnimationMesh.cpp">
      <Filter>Source Files</Filter>
    </ClCompile>
  </ItemGroup>
  <ItemGroup>
    <None Include="assets\shaders\passThrough.frag">
      <Filter>Resource Files\shaders</Filter>
    </None>
    <None Include="assets\shaders\passThrough.vert">
      <Filter>Resource Files\shaders</Filter>
    </None>
    <None Include="assets\shaders\Phong.frag">
      <Filter>Resource Files\shaders</Filter>
    </None>
    <None Include="assets\shaders\Phong.vert">
      <Filter>Resource Files\shaders</Filter>
    </None>
    <None Include="assets\shaders\PhongColorSides.frag">
      <Filter>Resource Files\shaders</Filter>
    </None>
    <None Include="assets\shaders\PhongColorSIdes.vert">
      <Filter>Resource Files\shaders</Filter>
    </None>
    <None Include="assets\shaders\PhongNoTexture.frag">
      <Filter>Resource Files\shaders</Filter>
    </None>
    <None Include="assets\sounds\Slap.ogg">
      <Filter>Resource Files\sounds</Filter>
    </None>
    <None Include="assets\shaders\phongSpot.frag">
      <Filter>Resource Files\shaders</Filter>
    </None>
    <None Include="assets\shaders\numbers.frag">
      <Filter>Resource Files\shaders</Filter>
    </None>
    <None Include="assets\shaders\DropItems.frag">
      <Filter>Resource Files\shaders</Filter>
    </None>
    <None Include="assets\shaders\NoFlash.frag">
      <Filter>Resource Files\shaders</Filter>
    </None>
    <None Include="assets\shaders\NoFlashNoNorm.frag">
      <Filter>Resource Files\shaders</Filter>
    </None>
    <None Include="assets\shaders\animation.vert">
      <Filter>Resource Files\shaders</Filter>
    </None>
  </ItemGroup>
  <ItemGroup>
    <Image Include="assets\textures\fullSpecular.png">
      <Filter>Resource Files\textures</Filter>
    </Image>
    <Image Include="assets\textures\fur.png">
      <Filter>Resource Files\textures</Filter>
    </Image>
    <Image Include="assets\textures\monkeySpecular.png">
      <Filter>Resource Files\textures</Filter>
    </Image>
    <Image Include="assets\textures\noSpecular.png">
      <Filter>Resource Files\textures</Filter>
    </Image>
    <Image Include="assets\textures\normal.jpg">
      <Filter>Resource Files\textures</Filter>
    </Image>
    <Image Include="assets\textures\character texture.png">
      <Filter>Resource Files\textures</Filter>
    </Image>
  </ItemGroup>
</Project>